
Microsoft Visual Studio Solution File, Format Version 12.00
# Visual Studio Version 17
VisualStudioVersion = 17.3.32825.248
MinimumVisualStudioVersion = 10.0.40219.1
Project("{FAE04EC0-301F-11D3-BF4B-00C04F79EFBC}") = "ProxyPattern", "ProxyPattern\ProxyPattern.csproj", "{E4BF866D-F0F3-4809-B528-CD26B7D19DA2}"
EndProject
Global
	GlobalSection(SolutionConfigurationPlatforms) = preSolution
		Debug|Any CPU = Debug|Any CPU
		Release|Any CPU = Release|Any CPU
	EndGlobalSection
	GlobalSection(ProjectConfigurationPlatforms) = postSolution
		{E4BF866D-F0F3-4809-B528-CD26B7D19DA2}.Debug|Any CPU.ActiveCfg = Debug|Any CPU
		{E4BF866D-F0F3-4809-B528-CD26B7D19DA2}.Debug|Any CPU.Build.0 = Debug|Any CPU
		{E4BF866D-F0F3-4809-B528-CD26B7D19DA2}.Release|Any CPU.ActiveCfg = Release|Any CPU
		{E4BF866D-F0F3-4809-B528-CD26B7D19DA2}.Release|Any CPU.Build.0 = Release|Any CPU
	EndGlobalSection
	GlobalSection(SolutionProperties) = preSolution
		HideSolutionNode = FALSE
	EndGlobalSection
	GlobalSection(ExtensibilityGlobals) = postSolution
		SolutionGuid = {48DEB6BF-9920-485A-9940-5DB9FF1E3CCA}
	EndGlobalSection
EndGlobal
