
Microsoft Visual Studio Solution File, Format Version 12.00
# Visual Studio Version 17
VisualStudioVersion = 17.3.32825.248
MinimumVisualStudioVersion = 10.0.40219.1
Project("{FAE04EC0-301F-11D3-BF4B-00C04F79EFBC}") = "ObserverPattern", "ObserverPattern\ObserverPattern.csproj", "{7ACE8862-1B77-4917-B545-1E5C10C30246}"
EndProject
Global
	GlobalSection(SolutionConfigurationPlatforms) = preSolution
		Debug|Any CPU = Debug|Any CPU
		Release|Any CPU = Release|Any CPU
	EndGlobalSection
	GlobalSection(ProjectConfigurationPlatforms) = postSolution
		{7ACE8862-1B77-4917-B545-1E5C10C30246}.Debug|Any CPU.ActiveCfg = Debug|Any CPU
		{7ACE8862-1B77-4917-B545-1E5C10C30246}.Debug|Any CPU.Build.0 = Debug|Any CPU
		{7ACE8862-1B77-4917-B545-1E5C10C30246}.Release|Any CPU.ActiveCfg = Release|Any CPU
		{7ACE8862-1B77-4917-B545-1E5C10C30246}.Release|Any CPU.Build.0 = Release|Any CPU
	EndGlobalSection
	GlobalSection(SolutionProperties) = preSolution
		HideSolutionNode = FALSE
	EndGlobalSection
	GlobalSection(ExtensibilityGlobals) = postSolution
		SolutionGuid = {6EC4A1EA-9046-4D74-92FB-AF4CBBEF8A28}
	EndGlobalSection
EndGlobal
